
Microsoft Visual Studio Solution File, Format Version 12.00
# Visual Studio Version 16
VisualStudioVersion = 16.0.31624.102
MinimumVisualStudioVersion = 10.0.40219.1
Project("{FAE04EC0-301F-11D3-BF4B-00C04F79EFBC}") = "FirstMVCApp", "FirstMVCApp\FirstMVCApp.csproj", "{00E70ABC-A4A3-47FE-805F-682C95191C4E}"
EndProject
Global
	GlobalSection(SolutionConfigurationPlatforms) = preSolution
		Debug|Any CPU = Debug|Any CPU
		Release|Any CPU = Release|Any CPU
	EndGlobalSection
	GlobalSection(ProjectConfigurationPlatforms) = postSolution
		{00E70ABC-A4A3-47FE-805F-682C95191C4E}.Debug|Any CPU.ActiveCfg = Debug|Any CPU
		{00E70ABC-A4A3-47FE-805F-682C95191C4E}.Debug|Any CPU.Build.0 = Debug|Any CPU
		{00E70ABC-A4A3-47FE-805F-682C95191C4E}.Release|Any CPU.ActiveCfg = Release|Any CPU
		{00E70ABC-A4A3-47FE-805F-682C95191C4E}.Release|Any CPU.Build.0 = Release|Any CPU
	EndGlobalSection
	GlobalSection(SolutionProperties) = preSolution
		HideSolutionNode = FALSE
	EndGlobalSection
	GlobalSection(ExtensibilityGlobals) = postSolution
		SolutionGuid = {E9AFFFDB-88B2-4357-9115-11E03C5CF910}
	EndGlobalSection
EndGlobal
